
Microsoft Visual Studio Solution File, Format Version 12.00
# Visual Studio Version 17
VisualStudioVersion = 17.0.31903.59
MinimumVisualStudioVersion = 10.0.40219.1
Project("{FAE04EC0-301F-11D3-BF4B-00C04F79EFBC}") = "service-api-csharp.Application", "service-api-csharp.Application\service-api-csharp.Application.csproj", "{342606A6-23C7-44C8-8293-5B1961E42310}"
EndProject
Project("{FAE04EC0-301F-11D3-BF4B-00C04F79EFBC}") = "service-api-csharp.API", "service-api-csharp.API\service-api-csharp.API.csproj", "{8814D6BB-86FD-457D-8784-230196169771}"
EndProject
Project("{FAE04EC0-301F-11D3-BF4B-00C04F79EFBC}") = "service-api-csharp.Domain", "service-api-csharp.Domain\service-api-csharp.Domain.csproj", "{AF7B7CA1-56A8-4E1F-8FFA-3EC4063DDE41}"
EndProject
Project("{FAE04EC0-301F-11D3-BF4B-00C04F79EFBC}") = "service-api-csharp.Infrastructure", "service-api-csharp.Infrastructure\service-api-csharp.Infrastructure.csproj", "{D1CD4A10-534E-417F-9CEC-F4E831DE7438}"
EndProject
Global
	GlobalSection(SolutionConfigurationPlatforms) = preSolution
		Debug|Any CPU = Debug|Any CPU
		Debug|x64 = Debug|x64
		Debug|x86 = Debug|x86
		Release|Any CPU = Release|Any CPU
		Release|x64 = Release|x64
		Release|x86 = Release|x86
	EndGlobalSection
	GlobalSection(ProjectConfigurationPlatforms) = postSolution
		{342606A6-23C7-44C8-8293-5B1961E42310}.Debug|Any CPU.ActiveCfg = Debug|Any CPU
		{342606A6-23C7-44C8-8293-5B1961E42310}.Debug|Any CPU.Build.0 = Debug|Any CPU
		{342606A6-23C7-44C8-8293-5B1961E42310}.Debug|x64.ActiveCfg = Debug|Any CPU
		{342606A6-23C7-44C8-8293-5B1961E42310}.Debug|x64.Build.0 = Debug|Any CPU
		{342606A6-23C7-44C8-8293-5B1961E42310}.Debug|x86.ActiveCfg = Debug|Any CPU
		{342606A6-23C7-44C8-8293-5B1961E42310}.Debug|x86.Build.0 = Debug|Any CPU
		{342606A6-23C7-44C8-8293-5B1961E42310}.Release|Any CPU.ActiveCfg = Release|Any CPU
		{342606A6-23C7-44C8-8293-5B1961E42310}.Release|Any CPU.Build.0 = Release|Any CPU
		{342606A6-23C7-44C8-8293-5B1961E42310}.Release|x64.ActiveCfg = Release|Any CPU
		{342606A6-23C7-44C8-8293-5B1961E42310}.Release|x64.Build.0 = Release|Any CPU
		{342606A6-23C7-44C8-8293-5B1961E42310}.Release|x86.ActiveCfg = Release|Any CPU
		{342606A6-23C7-44C8-8293-5B1961E42310}.Release|x86.Build.0 = Release|Any CPU
		{8814D6BB-86FD-457D-8784-230196169771}.Debug|Any CPU.ActiveCfg = Debug|Any CPU
		{8814D6BB-86FD-457D-8784-230196169771}.Debug|Any CPU.Build.0 = Debug|Any CPU
		{8814D6BB-86FD-457D-8784-230196169771}.Debug|x64.ActiveCfg = Debug|Any CPU
		{8814D6BB-86FD-457D-8784-230196169771}.Debug|x64.Build.0 = Debug|Any CPU
		{8814D6BB-86FD-457D-8784-230196169771}.Debug|x86.ActiveCfg = Debug|Any CPU
		{8814D6BB-86FD-457D-8784-230196169771}.Debug|x86.Build.0 = Debug|Any CPU
		{8814D6BB-86FD-457D-8784-230196169771}.Release|Any CPU.ActiveCfg = Release|Any CPU
		{8814D6BB-86FD-457D-8784-230196169771}.Release|Any CPU.Build.0 = Release|Any CPU
		{8814D6BB-86FD-457D-8784-230196169771}.Release|x64.ActiveCfg = Release|Any CPU
		{8814D6BB-86FD-457D-8784-230196169771}.Release|x64.Build.0 = Release|Any CPU
		{8814D6BB-86FD-457D-8784-230196169771}.Release|x86.ActiveCfg = Release|Any CPU
		{8814D6BB-86FD-457D-8784-230196169771}.Release|x86.Build.0 = Release|Any CPU
		{AF7B7CA1-56A8-4E1F-8FFA-3EC4063DDE41}.Debug|Any CPU.ActiveCfg = Debug|Any CPU
		{AF7B7CA1-56A8-4E1F-8FFA-3EC4063DDE41}.Debug|Any CPU.Build.0 = Debug|Any CPU
		{AF7B7CA1-56A8-4E1F-8FFA-3EC4063DDE41}.Debug|x64.ActiveCfg = Debug|Any CPU
		{AF7B7CA1-56A8-4E1F-8FFA-3EC4063DDE41}.Debug|x64.Build.0 = Debug|Any CPU
		{AF7B7CA1-56A8-4E1F-8FFA-3EC4063DDE41}.Debug|x86.ActiveCfg = Debug|Any CPU
		{AF7B7CA1-56A8-4E1F-8FFA-3EC4063DDE41}.Debug|x86.Build.0 = Debug|Any CPU
		{AF7B7CA1-56A8-4E1F-8FFA-3EC4063DDE41}.Release|Any CPU.ActiveCfg = Release|Any CPU
		{AF7B7CA1-56A8-4E1F-8FFA-3EC4063DDE41}.Release|Any CPU.Build.0 = Release|Any CPU
		{AF7B7CA1-56A8-4E1F-8FFA-3EC4063DDE41}.Release|x64.ActiveCfg = Release|Any CPU
		{AF7B7CA1-56A8-4E1F-8FFA-3EC4063DDE41}.Release|x64.Build.0 = Release|Any CPU
		{AF7B7CA1-56A8-4E1F-8FFA-3EC4063DDE41}.Release|x86.ActiveCfg = Release|Any CPU
		{AF7B7CA1-56A8-4E1F-8FFA-3EC4063DDE41}.Release|x86.Build.0 = Release|Any CPU
		{D1CD4A10-534E-417F-9CEC-F4E831DE7438}.Debug|Any CPU.ActiveCfg = Debug|Any CPU
		{D1CD4A10-534E-417F-9CEC-F4E831DE7438}.Debug|Any CPU.Build.0 = Debug|Any CPU
		{D1CD4A10-534E-417F-9CEC-F4E831DE7438}.Debug|x64.ActiveCfg = Debug|Any CPU
		{D1CD4A10-534E-417F-9CEC-F4E831DE7438}.Debug|x64.Build.0 = Debug|Any CPU
		{D1CD4A10-534E-417F-9CEC-F4E831DE7438}.Debug|x86.ActiveCfg = Debug|Any CPU
		{D1CD4A10-534E-417F-9CEC-F4E831DE7438}.Debug|x86.Build.0 = Debug|Any CPU
		{D1CD4A10-534E-417F-9CEC-F4E831DE7438}.Release|Any CPU.ActiveCfg = Release|Any CPU
		{D1CD4A10-534E-417F-9CEC-F4E831DE7438}.Release|Any CPU.Build.0 = Release|Any CPU
		{D1CD4A10-534E-417F-9CEC-F4E831DE7438}.Release|x64.ActiveCfg = Release|Any CPU
		{D1CD4A10-534E-417F-9CEC-F4E831DE7438}.Release|x64.Build.0 = Release|Any CPU
		{D1CD4A10-534E-417F-9CEC-F4E831DE7438}.Release|x86.ActiveCfg = Release|Any CPU
		{D1CD4A10-534E-417F-9CEC-F4E831DE7438}.Release|x86.Build.0 = Release|Any CPU
	EndGlobalSection
	GlobalSection(SolutionProperties) = preSolution
		HideSolutionNode = FALSE
	EndGlobalSection
EndGlobal
